
Microsoft Visual Studio Solution File, Format Version 11.00
# Visual Studio 2010
Project("{8BC9CEB8-8B4A-11D0-8D11-00A0C91BC942}") = "HttpDownload", "HttpDownload\HttpDownload.vcxproj", "{45512BAC-DB6F-48ED-89B6-5B7BA69850C8}"
EndProject
Global
	GlobalSection(SolutionConfigurationPlatforms) = preSolution
		Debug|Win32 = Debug|Win32
		Release|Win32 = Release|Win32
	EndGlobalSection
	GlobalSection(ProjectConfigurationPlatforms) = postSolution
		{45512BAC-DB6F-48ED-89B6-5B7BA69850C8}.Debug|Win32.ActiveCfg = Debug|Win32
		{45512BAC-DB6F-48ED-89B6-5B7BA69850C8}.Debug|Win32.Build.0 = Debug|Win32
		{45512BAC-DB6F-48ED-89B6-5B7BA69850C8}.Release|Win32.ActiveCfg = Release|Win32
		{45512BAC-DB6F-48ED-89B6-5B7BA69850C8}.Release|Win32.Build.0 = Release|Win32
	EndGlobalSection
	GlobalSection(SolutionProperties) = preSolution
		HideSolutionNode = FALSE
	EndGlobalSection
EndGlobal
